Microsoft Visual Studio Solution File, Format Version 12.00
# Visual Studio Version 16
VisualStudioVersion = 16.0.29209.62
MinimumVisualStudioVersion = 10.0.40219.1
Project("{9A19103F-16F7-4668-BE54-9A1E7A4F7556}") = "DecoratorPattern", "DecoratorPattern\DecoratorPattern.csproj", "{68954C08-789D-4960-9900-E6EB6BA4FCA2}"
EndProject
Project("{9A19103F-16F7-4668-BE54-9A1E7A4F7556}") = "Tests", "NUnitTestProject1\Tests.csproj", "{6E91982D-7A62-444D-B9C3-54B882A7D39D}"
EndProject
Global
	GlobalSection(SolutionConfigurationPlatforms) = preSolution
		Debug|Any CPU = Debug|Any CPU
		Release|Any CPU = Release|Any CPU
	EndGlobalSection
	GlobalSection(ProjectConfigurationPlatforms) = postSolution
		{68954C08-789D-4960-9900-E6EB6BA4FCA2}.Debug|Any CPU.ActiveCfg = Debug|Any CPU
		{68954C08-789D-4960-9900-E6EB6BA4FCA2}.Debug|Any CPU.Build.0 = Debug|Any CPU
		{68954C08-789D-4960-9900-E6EB6BA4FCA2}.Release|Any CPU.ActiveCfg = Release|Any CPU
		{68954C08-789D-4960-9900-E6EB6BA4FCA2}.Release|Any CPU.Build.0 = Release|Any CPU
		{6E91982D-7A62-444D-B9C3-54B882A7D39D}.Debug|Any CPU.ActiveCfg = Debug|Any CPU
		{6E91982D-7A62-444D-B9C3-54B882A7D39D}.Debug|Any CPU.Build.0 = Debug|Any CPU
		{6E91982D-7A62-444D-B9C3-54B882A7D39D}.Release|Any CPU.ActiveCfg = Release|Any CPU
		{6E91982D-7A62-444D-B9C3-54B882A7D39D}.Release|Any CPU.Build.0 = Release|Any CPU
	EndGlobalSection
	GlobalSection(SolutionProperties) = preSolution
		HideSolutionNode = FALSE
	EndGlobalSection
	GlobalSection(ExtensibilityGlobals) = postSolution
		SolutionGuid = {796DA377-C713-4D22-ACE8-CD3820E5E681}
	EndGlobalSection
EndGlobal
